
Microsoft Visual Studio Solution File, Format Version 12.00
# Visual Studio 15
VisualStudioVersion = 15.0.28307.168
MinimumVisualStudioVersion = 10.0.40219.1
Project("{8BC9CEB8-8B4A-11D0-8D11-00A0C91BC942}") = "DSA_Assignment_Ryan Ng_Rui Jie", "DSA_Assignment_Ryan Ng_Rui Jie\DSA_Assignment_Ryan Ng_Rui Jie.vcxproj", "{237C7244-DBF4-45B4-A4B0-CC0357B34E4A}"
EndProject
Global
	GlobalSection(SolutionConfigurationPlatforms) = preSolution
		Debug|x64 = Debug|x64
		Debug|x86 = Debug|x86
		Release|x64 = Release|x64
		Release|x86 = Release|x86
	EndGlobalSection
	GlobalSection(ProjectConfigurationPlatforms) = postSolution
		{237C7244-DBF4-45B4-A4B0-CC0357B34E4A}.Debug|x64.ActiveCfg = Debug|x64
		{237C7244-DBF4-45B4-A4B0-CC0357B34E4A}.Debug|x64.Build.0 = Debug|x64
		{237C7244-DBF4-45B4-A4B0-CC0357B34E4A}.Debug|x86.ActiveCfg = Debug|Win32
		{237C7244-DBF4-45B4-A4B0-CC0357B34E4A}.Debug|x86.Build.0 = Debug|Win32
		{237C7244-DBF4-45B4-A4B0-CC0357B34E4A}.Release|x64.ActiveCfg = Release|x64
		{237C7244-DBF4-45B4-A4B0-CC0357B34E4A}.Release|x64.Build.0 = Release|x64
		{237C7244-DBF4-45B4-A4B0-CC0357B34E4A}.Release|x86.ActiveCfg = Release|Win32
		{237C7244-DBF4-45B4-A4B0-CC0357B34E4A}.Release|x86.Build.0 = Release|Win32
	EndGlobalSection
	GlobalSection(SolutionProperties) = preSolution
		HideSolutionNode = FALSE
	EndGlobalSection
	GlobalSection(ExtensibilityGlobals) = postSolution
		SolutionGuid = {20D0E84B-CD6A-4655-9273-DD1E16B5D329}
	EndGlobalSection
EndGlobal
